
Microsoft Visual Studio Solution File, Format Version 12.00
# Visual Studio Version 16
VisualStudioVersion = 16.0.31229.75
MinimumVisualStudioVersion = 10.0.40219.1
Project("{FAE04EC0-301F-11D3-BF4B-00C04F79EFBC}") = "Final Project", "Part1\Final Project.csproj", "{F9998063-08D6-4406-8A94-07F778B38B38}"
EndProject
Global
	GlobalSection(SolutionConfigurationPlatforms) = preSolution
		Debug|Any CPU = Debug|Any CPU
		Release|Any CPU = Release|Any CPU
	EndGlobalSection
	GlobalSection(ProjectConfigurationPlatforms) = postSolution
		{F9998063-08D6-4406-8A94-07F778B38B38}.Debug|Any CPU.ActiveCfg = Debug|Any CPU
		{F9998063-08D6-4406-8A94-07F778B38B38}.Debug|Any CPU.Build.0 = Debug|Any CPU
		{F9998063-08D6-4406-8A94-07F778B38B38}.Release|Any CPU.ActiveCfg = Release|Any CPU
		{F9998063-08D6-4406-8A94-07F778B38B38}.Release|Any CPU.Build.0 = Release|Any CPU
	EndGlobalSection
	GlobalSection(SolutionProperties) = preSolution
		HideSolutionNode = FALSE
	EndGlobalSection
	GlobalSection(ExtensibilityGlobals) = postSolution
		SolutionGuid = {FD927091-229E-496B-941B-68AE6B14B8E7}
	EndGlobalSection
EndGlobal
